{
  "lockfileVersion": 1,
  "configVersion": 1,
  "workspaces": {
    "": {
      "dependencies": {
        "@kilocode/plugin": "7.1.9",
        "@opencode-ai/plugin": "1.3.9",
      },
    },
  },
  "packages": {
    "@kilocode/plugin": ["@kilocode/plugin@7.1.9", "", { "dependencies": { "@kilocode/sdk": "7.1.9", "zod": "4.1.8" } }, "sha512-WzROxPk3aJS2RBcCVM/C1jEPdo38hg9bhr510khz9pacKHQyPGbe1d0iuirEqvJE+QD3AqGyAKtWtf/AocZ7jQ=="],

    "@kilocode/sdk": ["@kilocode/sdk@7.1.9", "", {}, "sha512-b1z8AFSeHy7p8pdTS2Skoe7gwPPZRpLDNIjiWpYCcYghZhpom6ZPUj7hgHMTsS9FKQog7pH5phaFfiEjLz3VOQ=="],

    "@opencode-ai/plugin": ["@opencode-ai/plugin@1.3.9", "", { "dependencies": { "@opencode-ai/sdk": "1.3.9", "zod": "4.1.8" }, "peerDependencies": { "@opentui/core": ">=0.1.92", "@opentui/solid": ">=0.1.92" }, "optionalPeers": ["@opentui/core", "@opentui/solid"] }, "sha512-tG4+APXwpgjx8wf4uiWtj+ju4LDiKwV65JTsy0VxpDy7L16aaxB8gXGXxIXvTE+1oFBe8PK81R/ECGegj9l4sA=="],

    "@opencode-ai/sdk": ["@opencode-ai/sdk@1.3.9", "", {}, "sha512-SjvGhdtuqYOHbLyUA5KWI7hFXi2dLWhGxnAaNBK4LgWUU3KVEjdGAxDwQAuxDnq/Iv52ppEHfJsZhg+qFLk6ug=="],

    "zod": ["zod@4.1.8", "", {}, "sha512-5R1P+WwQqmmMIEACyzSvo4JXHY5WiAFHRMg+zBZKgKS+Q1viRa0C1hmUKtHltoIFKtIdki3pRxkmpP74jnNYHQ=="],
  }
}
